
Microsoft Visual Studio Solution File, Format Version 12.00
# Visual Studio Version 17
VisualStudioVersion = 17.12.35527.113 d17.12
MinimumVisualStudioVersion = 10.0.40219.1
Project("{FAE04EC0-301F-11D3-BF4B-00C04F79EFBC}") = "HighlevelOpenTKRenderer", "HighlevelOpenTKRenderer.csproj", "{C2F7CA54-71DF-4420-BDE0-19C1E0F1F424}"
EndProject
Project("{FAE04EC0-301F-11D3-BF4B-00C04F79EFBC}") = "HighLevelOpenTKRenderLib", "..\HighLevelOpenTKRenderLib\HighLevelOpenTKRenderLib.csproj", "{38D65E90-6DE6-4F14-AF57-6D0CA04CF296}"
EndProject
Global
	GlobalSection(SolutionConfigurationPlatforms) = preSolution
		Debug|Any CPU = Debug|Any CPU
		Release|Any CPU = Release|Any CPU
	EndGlobalSection
	GlobalSection(ProjectConfigurationPlatforms) = postSolution
		{C2F7CA54-71DF-4420-BDE0-19C1E0F1F424}.Debug|Any CPU.ActiveCfg = Debug|Any CPU
		{C2F7CA54-71DF-4420-BDE0-19C1E0F1F424}.Debug|Any CPU.Build.0 = Debug|Any CPU
		{C2F7CA54-71DF-4420-BDE0-19C1E0F1F424}.Release|Any CPU.ActiveCfg = Release|Any CPU
		{C2F7CA54-71DF-4420-BDE0-19C1E0F1F424}.Release|Any CPU.Build.0 = Release|Any CPU
		{38D65E90-6DE6-4F14-AF57-6D0CA04CF296}.Debug|Any CPU.ActiveCfg = Debug|Any CPU
		{38D65E90-6DE6-4F14-AF57-6D0CA04CF296}.Debug|Any CPU.Build.0 = Debug|Any CPU
		{38D65E90-6DE6-4F14-AF57-6D0CA04CF296}.Release|Any CPU.ActiveCfg = Release|Any CPU
		{38D65E90-6DE6-4F14-AF57-6D0CA04CF296}.Release|Any CPU.Build.0 = Release|Any CPU
	EndGlobalSection
	GlobalSection(SolutionProperties) = preSolution
		HideSolutionNode = FALSE
	EndGlobalSection
EndGlobal
